
Microsoft Visual Studio Solution File, Format Version 12.00
# Visual Studio Version 17
VisualStudioVersion = 17.8.34330.188
MinimumVisualStudioVersion = 10.0.40219.1
Project("{FAE04EC0-301F-11D3-BF4B-00C04F79EFBC}") = "weather.api", "weather.api\weather.api.csproj", "{5DC1CBE8-B381-4029-AFAF-8EA806F1FFAC}"
EndProject
Global
	GlobalSection(SolutionConfigurationPlatforms) = preSolution
		Debug|Any CPU = Debug|Any CPU
		Release|Any CPU = Release|Any CPU
	EndGlobalSection
	GlobalSection(ProjectConfigurationPlatforms) = postSolution
		{5DC1CBE8-B381-4029-AFAF-8EA806F1FFAC}.Debug|Any CPU.ActiveCfg = Debug|Any CPU
		{5DC1CBE8-B381-4029-AFAF-8EA806F1FFAC}.Debug|Any CPU.Build.0 = Debug|Any CPU
		{5DC1CBE8-B381-4029-AFAF-8EA806F1FFAC}.Release|Any CPU.ActiveCfg = Release|Any CPU
		{5DC1CBE8-B381-4029-AFAF-8EA806F1FFAC}.Release|Any CPU.Build.0 = Release|Any CPU
	EndGlobalSection
	GlobalSection(SolutionProperties) = preSolution
		HideSolutionNode = FALSE
	EndGlobalSection
	GlobalSection(ExtensibilityGlobals) = postSolution
		SolutionGuid = {76200D41-036A-4B6B-84ED-BF9D892CAC7A}
	EndGlobalSection
EndGlobal
